<?xml version="1.0" encoding="utf-8"?>
<Project ToolsVersion="4.0" xmlns="http://schemas.microsoft.com/developer/msbuild/2003">
  <ItemGroup>
    <Filter Include="Engine">
      <UniqueIdentifier>{DBC7D3B0-C769-FE86-B024-12DB9C6585D7}</UniqueIdentifier>
    </Filter>
    <Filter Include="Engine\Core">
      <UniqueIdentifier>{130D9B61-7FC2-1357-08B7-0D2E746B0A5B}</UniqueIdentifier>
    </Filter>
    <Filter Include="Engine\Core\Events">
      <UniqueIdentifier>{97E562D1-83C9-2327-EC29-1E7AD82C0EA9}</UniqueIdentifier>
    </Filter>
    <Filter Include="Engine\Core\ImGui">
      <UniqueIdentifier>{7DC48BC8-E9DA-895E-3252-15809EA75AE6}</UniqueIdentifier>
    </Filter>
    <Filter Include="Engine\Renderer">
      <UniqueIdentifier>{E1119970-4D9D-0635-56AE-8929C2B86235}</UniqueIdentifier>
    </Filter>
    <Filter Include="Platform">
      <UniqueIdentifier>{2AC788B4-1694-E3BF-3FAD-D1672BD9184E}</UniqueIdentifier>
    </Filter>
    <Filter Include="Platform\OpenGL">
      <UniqueIdentifier>{1E7D2C1D-8A08-9AE1-9319-1DD6FF23F6E1}</UniqueIdentifier>
    </Filter>
    <Filter Include="Platform\Windows">
      <UniqueIdentifier>{64FBD71A-50F4-F66C-7926-DCF1657ED678}</UniqueIdentifier>
    </Filter>
  </ItemGroup>
  <ItemGroup>
    <ClInclude Include="src\Ava.h" />
    <ClInclude Include="src\Engine\Core\Application.h">
      <Filter>Engine\Core</Filter>
    </ClInclude>
    <ClInclude Include="src\Engine\Core\Core.h">
      <Filter>Engine\Core</Filter>
    </ClInclude>
    <ClInclude Include="src\Engine\Core\EntryPoint.h">
      <Filter>Engine\Core</Filter>
    </ClInclude>
    <ClInclude Include="src\Engine\Core\Events\ApplicationEvent.h">
      <Filter>Engine\Core\Events</Filter>
    </ClInclude>
    <ClInclude Include="src\Engine\Core\Events\Event.h">
      <Filter>Engine\Core\Events</Filter>
    </ClInclude>
    <ClInclude Include="src\Engine\Core\Events\KeyboardEvent.h">
      <Filter>Engine\Core\Events</Filter>
    </ClInclude>
    <ClInclude Include="src\Engine\Core\Events\MouseEvent.h">
      <Filter>Engine\Core\Events</Filter>
    </ClInclude>
    <ClInclude Include="src\Engine\Core\ImGui\ImGuiLayer.h">
      <Filter>Engine\Core\ImGui</Filter>
    </ClInclude>
    <ClInclude Include="src\Engine\Core\Layer.h">
      <Filter>Engine\Core</Filter>
    </ClInclude>
    <ClInclude Include="src\Engine\Core\LayerStack.h">
      <Filter>Engine\Core</Filter>
    </ClInclude>
    <ClInclude Include="src\Engine\Core\Log.h">
      <Filter>Engine\Core</Filter>
    </ClInclude>
    <ClInclude Include="src\Engine\Core\Window.h">
      <Filter>Engine\Core</Filter>
    </ClInclude>
    <ClInclude Include="src\Engine\Renderer\GraphicsContext.h">
      <Filter>Engine\Renderer</Filter>
    </ClInclude>
    <ClInclude Include="src\Platform\OpenGL\OpenGLContext.h">
      <Filter>Platform\OpenGL</Filter>
    </ClInclude>
    <ClInclude Include="src\Platform\Windows\WindowsWindow.h">
      <Filter>Platform\Windows</Filter>
    </ClInclude>
    <ClInclude Include="src\pch.h" />
  </ItemGroup>
  <ItemGroup>
    <ClCompile Include="src\Engine\Core\Application.cpp">
      <Filter>Engine\Core</Filter>
    </ClCompile>
    <ClCompile Include="src\Engine\Core\ImGui\ImGuiLayer.cpp">
      <Filter>Engine\Core\ImGui</Filter>
    </ClCompile>
    <ClCompile Include="src\Engine\Core\Layer.cpp">
      <Filter>Engine\Core</Filter>
    </ClCompile>
    <ClCompile Include="src\Engine\Core\LayerStack.cpp">
      <Filter>Engine\Core</Filter>
    </ClCompile>
    <ClCompile Include="src\Engine\Core\Log.cpp">
      <Filter>Engine\Core</Filter>
    </ClCompile>
    <ClCompile Include="src\Engine\Renderer\GraphicsContext.cpp">
      <Filter>Engine\Renderer</Filter>
    </ClCompile>
    <ClCompile Include="src\Platform\OpenGL\OpenGLContext.cpp">
      <Filter>Platform\OpenGL</Filter>
    </ClCompile>
    <ClCompile Include="src\Platform\Windows\WindowsWindow.cpp">
      <Filter>Platform\Windows</Filter>
    </ClCompile>
    <ClCompile Include="src\pch.cpp" />
  </ItemGroup>
</Project>